
Microsoft Visual Studio Solution File, Format Version 12.00
# Visual Studio Version 16
VisualStudioVersion = 16.0.31911.196
MinimumVisualStudioVersion = 10.0.40219.1
Project("{FAE04EC0-301F-11D3-BF4B-00C04F79EFBC}") = "Calc", "Calc.csproj", "{DF77A0F0-B4FC-4EE4-AFFD-18A718A66B09}"
EndProject
Global
	GlobalSection(SolutionConfigurationPlatforms) = preSolution
		Debug|Any CPU = Debug|Any CPU
		Release|Any CPU = Release|Any CPU
	EndGlobalSection
	GlobalSection(ProjectConfigurationPlatforms) = postSolution
		{DF77A0F0-B4FC-4EE4-AFFD-18A718A66B09}.Debug|Any CPU.ActiveCfg = Debug|Any CPU
		{DF77A0F0-B4FC-4EE4-AFFD-18A718A66B09}.Debug|Any CPU.Build.0 = Debug|Any CPU
		{DF77A0F0-B4FC-4EE4-AFFD-18A718A66B09}.Release|Any CPU.ActiveCfg = Release|Any CPU
		{DF77A0F0-B4FC-4EE4-AFFD-18A718A66B09}.Release|Any CPU.Build.0 = Release|Any CPU
	EndGlobalSection
	GlobalSection(SolutionProperties) = preSolution
		HideSolutionNode = FALSE
	EndGlobalSection
	GlobalSection(ExtensibilityGlobals) = postSolution
		SolutionGuid = {B1AD6591-04B2-4938-9F56-6C247EDACB0E}
	EndGlobalSection
EndGlobal
